# THIS IS AN AUTOGENERATED FILE. DO NOT EDIT THIS FILE DIRECTLY.
# yarn lockfile v1


x-gif@^1.0.5:
  version "1.0.5"
  resolved "https://registry.yarnpkg.com/x-gif/-/x-gif-1.0.5.tgz#0d6b031570e23d3a7941757312be87bf7fb9ee50"
  integrity sha512-yosIeeWh1sPP6wyfEiJwDuV/O+jd3Cxu+gCTkVLiL+z7wG3x8Njr/lFB7bCS9sRA7Jzy9ORlzLol+6Swv4TBRA==
